
Microsoft Visual Studio Solution File, Format Version 12.00
# Visual Studio 15
VisualStudioVersion = 15.0.26730.15
MinimumVisualStudioVersion = 10.0.40219.1
Project("{FAE04EC0-301F-11D3-BF4B-00C04F79EFBC}") = "WebApiCore", "WebApiCore\WebApiCore.csproj", "{8BAC73D0-1082-4E9B-9876-3629BABDC674}"
EndProject
Global
	GlobalSection(SolutionConfigurationPlatforms) = preSolution
		Debug|Any CPU = Debug|Any CPU
		Release|Any CPU = Release|Any CPU
	EndGlobalSection
	GlobalSection(ProjectConfigurationPlatforms) = postSolution
		{8BAC73D0-1082-4E9B-9876-3629BABDC674}.Debug|Any CPU.ActiveCfg = Debug|Any CPU
		{8BAC73D0-1082-4E9B-9876-3629BABDC674}.Debug|Any CPU.Build.0 = Debug|Any CPU
		{8BAC73D0-1082-4E9B-9876-3629BABDC674}.Release|Any CPU.ActiveCfg = Release|Any CPU
		{8BAC73D0-1082-4E9B-9876-3629BABDC674}.Release|Any CPU.Build.0 = Release|Any CPU
	EndGlobalSection
	GlobalSection(SolutionProperties) = preSolution
		HideSolutionNode = FALSE
	EndGlobalSection
	GlobalSection(ExtensibilityGlobals) = postSolution
		SolutionGuid = {1ACAAD9A-D8A9-441E-B577-017B70D82E31}
	EndGlobalSection
EndGlobal
